
Microsoft Visual Studio Solution File, Format Version 12.00
# Visual Studio 15
VisualStudioVersion = 15.0.26730.16
MinimumVisualStudioVersion = 10.0.40219.1
Project("{9A19103F-16F7-4668-BE54-9A1E7A4F7556}") = "Cacheable", "src\Cacheable\Cacheable.csproj", "{07FBA68C-4C10-4529-B440-626C582BDE1E}"
EndProject
Project("{2150E333-8FDC-42A3-9474-1A3956D46DE8}") = "tests", "tests", "{8C6885A4-912E-4900-A809-EC9607DFA495}"
EndProject
Project("{2150E333-8FDC-42A3-9474-1A3956D46DE8}") = "build", "build", "{D1F536AC-B21F-4D00-B225-BD12821FF8D0}"
	ProjectSection(SolutionItems) = preProject
		appveyor.yml = appveyor.yml
		build.cake = build.cake
	EndProjectSection
EndProject
Project("{9A19103F-16F7-4668-BE54-9A1E7A4F7556}") = "Cacheable.Tests", "tests\Cacheable.Tests\Cacheable.Tests.csproj", "{D4F95B27-30B5-4391-8322-A456A7EE4EA5}"
EndProject
Global
	GlobalSection(SolutionConfigurationPlatforms) = preSolution
		Debug|Any CPU = Debug|Any CPU
		Release|Any CPU = Release|Any CPU
	EndGlobalSection
	GlobalSection(ProjectConfigurationPlatforms) = postSolution
		{07FBA68C-4C10-4529-B440-626C582BDE1E}.Debug|Any CPU.ActiveCfg = Debug|Any CPU
		{07FBA68C-4C10-4529-B440-626C582BDE1E}.Debug|Any CPU.Build.0 = Debug|Any CPU
		{07FBA68C-4C10-4529-B440-626C582BDE1E}.Release|Any CPU.ActiveCfg = Release|Any CPU
		{07FBA68C-4C10-4529-B440-626C582BDE1E}.Release|Any CPU.Build.0 = Release|Any CPU
		{D4F95B27-30B5-4391-8322-A456A7EE4EA5}.Debug|Any CPU.ActiveCfg = Debug|Any CPU
		{D4F95B27-30B5-4391-8322-A456A7EE4EA5}.Debug|Any CPU.Build.0 = Debug|Any CPU
		{D4F95B27-30B5-4391-8322-A456A7EE4EA5}.Release|Any CPU.ActiveCfg = Release|Any CPU
		{D4F95B27-30B5-4391-8322-A456A7EE4EA5}.Release|Any CPU.Build.0 = Release|Any CPU
	EndGlobalSection
	GlobalSection(SolutionProperties) = preSolution
		HideSolutionNode = FALSE
	EndGlobalSection
	GlobalSection(NestedProjects) = preSolution
		{D4F95B27-30B5-4391-8322-A456A7EE4EA5} = {8C6885A4-912E-4900-A809-EC9607DFA495}
	EndGlobalSection
	GlobalSection(ExtensibilityGlobals) = postSolution
		SolutionGuid = {E8200E84-166D-4FBF-90FD-9FAB13CE5191}
	EndGlobalSection
EndGlobal
